
Microsoft Visual Studio Solution File, Format Version 12.00
# Visual Studio Version 17
VisualStudioVersion = 17.8.34408.163
MinimumVisualStudioVersion = 10.0.40219.1
Project("{FAE04EC0-301F-11D3-BF4B-00C04F79EFBC}") = "Command", "Command\Command.csproj", "{EF9BBF80-B6CE-47BB-8667-D6BAF2EFEAAC}"
EndProject
Global
	GlobalSection(SolutionConfigurationPlatforms) = preSolution
		Debug|Any CPU = Debug|Any CPU
		Release|Any CPU = Release|Any CPU
	EndGlobalSection
	GlobalSection(ProjectConfigurationPlatforms) = postSolution
		{EF9BBF80-B6CE-47BB-8667-D6BAF2EFEAAC}.Debug|Any CPU.ActiveCfg = Debug|Any CPU
		{EF9BBF80-B6CE-47BB-8667-D6BAF2EFEAAC}.Debug|Any CPU.Build.0 = Debug|Any CPU
		{EF9BBF80-B6CE-47BB-8667-D6BAF2EFEAAC}.Release|Any CPU.ActiveCfg = Release|Any CPU
		{EF9BBF80-B6CE-47BB-8667-D6BAF2EFEAAC}.Release|Any CPU.Build.0 = Release|Any CPU
	EndGlobalSection
	GlobalSection(SolutionProperties) = preSolution
		HideSolutionNode = FALSE
	EndGlobalSection
	GlobalSection(ExtensibilityGlobals) = postSolution
		SolutionGuid = {D58E4634-E638-4563-ABFB-F8B84F5539E8}
	EndGlobalSection
EndGlobal
