
Microsoft Visual Studio Solution File, Format Version 12.00
# Visual Studio Version 17
VisualStudioVersion = 17.8.34408.163
MinimumVisualStudioVersion = 10.0.40219.1
Project("{FAE04EC0-301F-11D3-BF4B-00C04F79EFBC}") = "Visitor", "Visitor\Visitor.csproj", "{EA0CB48D-CC08-4934-ADF3-9762F101AB5A}"
EndProject
Global
	GlobalSection(SolutionConfigurationPlatforms) = preSolution
		Debug|Any CPU = Debug|Any CPU
		Release|Any CPU = Release|Any CPU
	EndGlobalSection
	GlobalSection(ProjectConfigurationPlatforms) = postSolution
		{EA0CB48D-CC08-4934-ADF3-9762F101AB5A}.Debug|Any CPU.ActiveCfg = Debug|Any CPU
		{EA0CB48D-CC08-4934-ADF3-9762F101AB5A}.Debug|Any CPU.Build.0 = Debug|Any CPU
		{EA0CB48D-CC08-4934-ADF3-9762F101AB5A}.Release|Any CPU.ActiveCfg = Release|Any CPU
		{EA0CB48D-CC08-4934-ADF3-9762F101AB5A}.Release|Any CPU.Build.0 = Release|Any CPU
	EndGlobalSection
	GlobalSection(SolutionProperties) = preSolution
		HideSolutionNode = FALSE
	EndGlobalSection
	GlobalSection(ExtensibilityGlobals) = postSolution
		SolutionGuid = {3B1E5E49-AB06-4C40-A2FA-26CABD5D669D}
	EndGlobalSection
EndGlobal
